// !$*UTF8*$!
{
	archiveVersion = 1;
	classes = {
	};
	objectVersion = 56;
	objects = {

/* Begin PBXBuildFile section */
		395BE4282993A0A200DCD96C /* AppDelegate.swift in Sources */ = {isa = PBXBuildFile; fileRef = 395BE4272993A0A200DCD96C /* AppDelegate.swift */; };
		395BE42A2993A0A200DCD96C /* SceneDelegate.swift in Sources */ = {isa = PBXBuildFile; fileRef = 395BE4292993A0A200DCD96C /* SceneDelegate.swift */; };
		395BE42C2993A0A200DCD96C /* GIMainViewController.swift in Sources */ = {isa = PBXBuildFile; fileRef = 395BE42B2993A0A200DCD96C /* GIMainViewController.swift */; };
		395BE4322993A0A200DCD96C /* GoogleImage.xcdatamodeld in Sources */ = {isa = PBXBuildFile; fileRef = 395BE4302993A0A200DCD96C /* GoogleImage.xcdatamodeld */; };
		395BE4342993A0A300DCD96C /* Assets.xcassets in Resources */ = {isa = PBXBuildFile; fileRef = 395BE4332993A0A300DCD96C /* Assets.xcassets */; };
		395BE4372993A0A300DCD96C /* LaunchScreen.storyboard in Resources */ = {isa = PBXBuildFile; fileRef = 395BE4352993A0A300DCD96C /* LaunchScreen.storyboard */; };
		395BE4482993A4CE00DCD96C /* GIListView.swift in Sources */ = {isa = PBXBuildFile; fileRef = 395BE4472993A4CE00DCD96C /* GIListView.swift */; };
		395BE44B2993A55900DCD96C /* GIListViewViewModel.swift in Sources */ = {isa = PBXBuildFile; fileRef = 395BE44A2993A55900DCD96C /* GIListViewViewModel.swift */; };
		395BE44D2993A62800DCD96C /* Extensions.swift in Sources */ = {isa = PBXBuildFile; fileRef = 395BE44C2993A62800DCD96C /* Extensions.swift */; };
		395BE44F2993AAC700DCD96C /* GIService.swift in Sources */ = {isa = PBXBuildFile; fileRef = 395BE44E2993AAC700DCD96C /* GIService.swift */; };
		395BE4512993AB5500DCD96C /* GIRequest.swift in Sources */ = {isa = PBXBuildFile; fileRef = 395BE4502993AB5500DCD96C /* GIRequest.swift */; };
		395BE4532993ACB800DCD96C /* GIEndpount.swift in Sources */ = {isa = PBXBuildFile; fileRef = 395BE4522993ACB800DCD96C /* GIEndpount.swift */; };
		395BE4552993AD0D00DCD96C /* GIAPICacheManager.swift in Sources */ = {isa = PBXBuildFile; fileRef = 395BE4542993AD0D00DCD96C /* GIAPICacheManager.swift */; };
		395BE4572993B1E100DCD96C /* GIImageResponse.swift in Sources */ = {isa = PBXBuildFile; fileRef = 395BE4562993B1E100DCD96C /* GIImageResponse.swift */; };
		395BE4592993B8AF00DCD96C /* GIImageCollectionViewCell.swift in Sources */ = {isa = PBXBuildFile; fileRef = 395BE4582993B8AF00DCD96C /* GIImageCollectionViewCell.swift */; };
		395BE45B2993B98000DCD96C /* GIImageCollectionViewCellViewModel.swift in Sources */ = {isa = PBXBuildFile; fileRef = 395BE45A2993B98000DCD96C /* GIImageCollectionViewCellViewModel.swift */; };
		395BE45D2993BA3200DCD96C /* GIImageLoader.swift in Sources */ = {isa = PBXBuildFile; fileRef = 395BE45C2993BA3200DCD96C /* GIImageLoader.swift */; };
		395BE45F2993BDCD00DCD96C /* ImagesResults.swift in Sources */ = {isa = PBXBuildFile; fileRef = 395BE45E2993BDCD00DCD96C /* ImagesResults.swift */; };
		395BE4612993C04200DCD96C /* SearchMetadata.swift in Sources */ = {isa = PBXBuildFile; fileRef = 395BE4602993C04200DCD96C /* SearchMetadata.swift */; };
		395BE4632993C0D800DCD96C /* SearchParameters.swift in Sources */ = {isa = PBXBuildFile; fileRef = 395BE4622993C0D800DCD96C /* SearchParameters.swift */; };
		395BE4652993C14C00DCD96C /* SearchInformation.swift in Sources */ = {isa = PBXBuildFile; fileRef = 395BE4642993C14C00DCD96C /* SearchInformation.swift */; };
		395BE4672993C19B00DCD96C /* MenuItems.swift in Sources */ = {isa = PBXBuildFile; fileRef = 395BE4662993C19B00DCD96C /* MenuItems.swift */; };
		395BE4692993C21400DCD96C /* SuggestedSearches.swift in Sources */ = {isa = PBXBuildFile; fileRef = 395BE4682993C21400DCD96C /* SuggestedSearches.swift */; };
/* End PBXBuildFile section */

/* Begin PBXFileReference section */
		395BE4242993A0A200DCD96C /* GoogleImage.app */ = {isa = PBXFileReference; explicitFileType = wrapper.application; includeInIndex = 0; path = GoogleImage.app; sourceTree = BUILT_PRODUCTS_DIR; };
		395BE4272993A0A200DCD96C /* AppDelegate.swift */ = {isa = PBXFileReference; lastKnownFileType = sourcecode.swift; path = AppDelegate.swift; sourceTree = "<group>"; };
		395BE4292993A0A200DCD96C /* SceneDelegate.swift */ = {isa = PBXFileReference; lastKnownFileType = sourcecode.swift; path = SceneDelegate.swift; sourceTree = "<group>"; };
		395BE42B2993A0A200DCD96C /* GIMainViewController.swift */ = {isa = PBXFileReference; lastKnownFileType = sourcecode.swift; path = GIMainViewController.swift; sourceTree = "<group>"; };
		395BE4312993A0A200DCD96C /* GoogleImage.xcdatamodel */ = {isa = PBXFileReference; lastKnownFileType = wrapper.xcdatamodel; path = GoogleImage.xcdatamodel; sourceTree = "<group>"; };
		395BE4332993A0A300DCD96C /* Assets.xcassets */ = {isa = PBXFileReference; lastKnownFileType = folder.assetcatalog; path = Assets.xcassets; sourceTree = "<group>"; };
		395BE4362993A0A300DCD96C /* Base */ = {isa = PBXFileReference; lastKnownFileType = file.storyboard; name = Base; path = Base.lproj/LaunchScreen.storyboard; sourceTree = "<group>"; };
		395BE4382993A0A300DCD96C /* Info.plist */ = {isa = PBXFileReference; lastKnownFileType = text.plist.xml; path = Info.plist; sourceTree = "<group>"; };
		395BE4472993A4CE00DCD96C /* GIListView.swift */ = {isa = PBXFileReference; lastKnownFileType = sourcecode.swift; path = GIListView.swift; sourceTree = "<group>"; };
		395BE44A2993A55900DCD96C /* GIListViewViewModel.swift */ = {isa = PBXFileReference; lastKnownFileType = sourcecode.swift; path = GIListViewViewModel.swift; sourceTree = "<group>"; };
		395BE44C2993A62800DCD96C /* Extensions.swift */ = {isa = PBXFileReference; lastKnownFileType = sourcecode.swift; path = Extensions.swift; sourceTree = "<group>"; };
		395BE44E2993AAC700DCD96C /* GIService.swift */ = {isa = PBXFileReference; lastKnownFileType = sourcecode.swift; path = GIService.swift; sourceTree = "<group>"; };
		395BE4502993AB5500DCD96C /* GIRequest.swift */ = {isa = PBXFileReference; lastKnownFileType = sourcecode.swift; path = GIRequest.swift; sourceTree = "<group>"; };
		395BE4522993ACB800DCD96C /* GIEndpount.swift */ = {isa = PBXFileReference; lastKnownFileType = sourcecode.swift; path = GIEndpount.swift; sourceTree = "<group>"; };
		395BE4542993AD0D00DCD96C /* GIAPICacheManager.swift */ = {isa = PBXFileReference; lastKnownFileType = sourcecode.swift; path = GIAPICacheManager.swift; sourceTree = "<group>"; };
		395BE4562993B1E100DCD96C /* GIImageResponse.swift */ = {isa = PBXFileReference; lastKnownFileType = sourcecode.swift; path = GIImageResponse.swift; sourceTree = "<group>"; };
		395BE4582993B8AF00DCD96C /* GIImageCollectionViewCell.swift */ = {isa = PBXFileReference; lastKnownFileType = sourcecode.swift; path = GIImageCollectionViewCell.swift; sourceTree = "<group>"; };
		395BE45A2993B98000DCD96C /* GIImageCollectionViewCellViewModel.swift */ = {isa = PBXFileReference; lastKnownFileType = sourcecode.swift; path = GIImageCollectionViewCellViewModel.swift; sourceTree = "<group>"; };
		395BE45C2993BA3200DCD96C /* GIImageLoader.swift */ = {isa = PBXFileReference; lastKnownFileType = sourcecode.swift; path = GIImageLoader.swift; sourceTree = "<group>"; };
		395BE45E2993BDCD00DCD96C /* ImagesResults.swift */ = {isa = PBXFileReference; lastKnownFileType = sourcecode.swift; path = ImagesResults.swift; sourceTree = "<group>"; };
		395BE4602993C04200DCD96C /* SearchMetadata.swift */ = {isa = PBXFileReference; lastKnownFileType = sourcecode.swift; path = SearchMetadata.swift; sourceTree = "<group>"; };
		395BE4622993C0D800DCD96C /* SearchParameters.swift */ = {isa = PBXFileReference; lastKnownFileType = sourcecode.swift; path = SearchParameters.swift; sourceTree = "<group>"; };
		395BE4642993C14C00DCD96C /* SearchInformation.swift */ = {isa = PBXFileReference; lastKnownFileType = sourcecode.swift; path = SearchInformation.swift; sourceTree = "<group>"; };
		395BE4662993C19B00DCD96C /* MenuItems.swift */ = {isa = PBXFileReference; lastKnownFileType = sourcecode.swift; path = MenuItems.swift; sourceTree = "<group>"; };
		395BE4682993C21400DCD96C /* SuggestedSearches.swift */ = {isa = PBXFileReference; lastKnownFileType = sourcecode.swift; path = SuggestedSearches.swift; sourceTree = "<group>"; };
/* End PBXFileReference section */

/* Begin PBXFrameworksBuildPhase section */
		395BE4212993A0A200DCD96C /* Frameworks */ = {
			isa = PBXFrameworksBuildPhase;
			buildActionMask = 2147483647;
			files = (
			);
			runOnlyForDeploymentPostprocessing = 0;
		};
/* End PBXFrameworksBuildPhase section */

/* Begin PBXGroup section */
		395BE41B2993A0A100DCD96C = {
			isa = PBXGroup;
			children = (
				395BE4262993A0A200DCD96C /* GoogleImage */,
				395BE4252993A0A200DCD96C /* Products */,
			);
			sourceTree = "<group>";
		};
		395BE4252993A0A200DCD96C /* Products */ = {
			isa = PBXGroup;
			children = (
				395BE4242993A0A200DCD96C /* GoogleImage.app */,
			);
			name = Products;
			sourceTree = "<group>";
		};
		395BE4262993A0A200DCD96C /* GoogleImage */ = {
			isa = PBXGroup;
			children = (
				395BE4442993A24400DCD96C /* Managers */,
				395BE4432993A23800DCD96C /* APIClient */,
				395BE4422993A22900DCD96C /* Controllers */,
				395BE4412993A22200DCD96C /* Models */,
				395BE4402993A21200DCD96C /* ViewModels */,
				395BE43F2993A20100DCD96C /* Views */,
				395BE43E2993A1AD00DCD96C /* Resources */,
			);
			path = GoogleImage;
			sourceTree = "<group>";
		};
		395BE43E2993A1AD00DCD96C /* Resources */ = {
			isa = PBXGroup;
			children = (
				395BE4272993A0A200DCD96C /* AppDelegate.swift */,
				395BE4292993A0A200DCD96C /* SceneDelegate.swift */,
				395BE4332993A0A300DCD96C /* Assets.xcassets */,
				395BE4352993A0A300DCD96C /* LaunchScreen.storyboard */,
				395BE4382993A0A300DCD96C /* Info.plist */,
				395BE4302993A0A200DCD96C /* GoogleImage.xcdatamodeld */,
			);
			path = Resources;
			sourceTree = "<group>";
		};
		395BE43F2993A20100DCD96C /* Views */ = {
			isa = PBXGroup;
			children = (
				395BE4462993A4BA00DCD96C /* GIMain */,
			);
			path = Views;
			sourceTree = "<group>";
		};
		395BE4402993A21200DCD96C /* ViewModels */ = {
			isa = PBXGroup;
			children = (
				395BE4492993A54800DCD96C /* DIMain */,
			);
			path = ViewModels;
			sourceTree = "<group>";
		};
		395BE4412993A22200DCD96C /* Models */ = {
			isa = PBXGroup;
			children = (
				395BE4562993B1E100DCD96C /* GIImageResponse.swift */,
				395BE45E2993BDCD00DCD96C /* ImagesResults.swift */,
				395BE4602993C04200DCD96C /* SearchMetadata.swift */,
				395BE4622993C0D800DCD96C /* SearchParameters.swift */,
				395BE4642993C14C00DCD96C /* SearchInformation.swift */,
				395BE4662993C19B00DCD96C /* MenuItems.swift */,
				395BE4682993C21400DCD96C /* SuggestedSearches.swift */,
			);
			path = Models;
			sourceTree = "<group>";
		};
		395BE4422993A22900DCD96C /* Controllers */ = {
			isa = PBXGroup;
			children = (
				395BE4452993A25600DCD96C /* Core */,
			);
			path = Controllers;
			sourceTree = "<group>";
		};
		395BE4432993A23800DCD96C /* APIClient */ = {
			isa = PBXGroup;
			children = (
				395BE44E2993AAC700DCD96C /* GIService.swift */,
				395BE4502993AB5500DCD96C /* GIRequest.swift */,
				395BE4522993ACB800DCD96C /* GIEndpount.swift */,
			);
			path = APIClient;
			sourceTree = "<group>";
		};
		395BE4442993A24400DCD96C /* Managers */ = {
			isa = PBXGroup;
			children = (
				395BE44C2993A62800DCD96C /* Extensions.swift */,
				395BE4542993AD0D00DCD96C /* GIAPICacheManager.swift */,
				395BE45C2993BA3200DCD96C /* GIImageLoader.swift */,
			);
			path = Managers;
			sourceTree = "<group>";
		};
		395BE4452993A25600DCD96C /* Core */ = {
			isa = PBXGroup;
			children = (
				395BE42B2993A0A200DCD96C /* GIMainViewController.swift */,
			);
			path = Core;
			sourceTree = "<group>";
		};
		395BE4462993A4BA00DCD96C /* GIMain */ = {
			isa = PBXGroup;
			children = (
				395BE4472993A4CE00DCD96C /* GIListView.swift */,
				395BE4582993B8AF00DCD96C /* GIImageCollectionViewCell.swift */,
			);
			path = GIMain;
			sourceTree = "<group>";
		};
		395BE4492993A54800DCD96C /* DIMain */ = {
			isa = PBXGroup;
			children = (
				395BE44A2993A55900DCD96C /* GIListViewViewModel.swift */,
				395BE45A2993B98000DCD96C /* GIImageCollectionViewCellViewModel.swift */,
			);
			path = DIMain;
			sourceTree = "<group>";
		};
/* End PBXGroup section */

/* Begin PBXNativeTarget section */
		395BE4232993A0A200DCD96C /* GoogleImage */ = {
			isa = PBXNativeTarget;
			buildConfigurationList = 395BE43B2993A0A300DCD96C /* Build configuration list for PBXNativeTarget "GoogleImage" */;
			buildPhases = (
				395BE4202993A0A200DCD96C /* Sources */,
				395BE4212993A0A200DCD96C /* Frameworks */,
				395BE4222993A0A200DCD96C /* Resources */,
			);
			buildRules = (
			);
			dependencies = (
			);
			name = GoogleImage;
			productName = GoogleImage;
			productReference = 395BE4242993A0A200DCD96C /* GoogleImage.app */;
			productType = "com.apple.product-type.application";
		};
/* End PBXNativeTarget section */

/* Begin PBXProject section */
		395BE41C2993A0A200DCD96C /* Project object */ = {
			isa = PBXProject;
			attributes = {
				BuildIndependentTargetsInParallel = 1;
				LastSwiftUpdateCheck = 1420;
				LastUpgradeCheck = 1420;
				TargetAttributes = {
					395BE4232993A0A200DCD96C = {
						CreatedOnToolsVersion = 14.2;
					};
				};
			};
			buildConfigurationList = 395BE41F2993A0A200DCD96C /* Build configuration list for PBXProject "GoogleImage" */;
			compatibilityVersion = "Xcode 14.0";
			developmentRegion = en;
			hasScannedForEncodings = 0;
			knownRegions = (
				en,
				Base,
			);
			mainGroup = 395BE41B2993A0A100DCD96C;
			productRefGroup = 395BE4252993A0A200DCD96C /* Products */;
			projectDirPath = "";
			projectRoot = "";
			targets = (
				395BE4232993A0A200DCD96C /* GoogleImage */,
			);
		};
/* End PBXProject section */

/* Begin PBXResourcesBuildPhase section */
		395BE4222993A0A200DCD96C /* Resources */ = {
			isa = PBXResourcesBuildPhase;
			buildActionMask = 2147483647;
			files = (
				395BE4372993A0A300DCD96C /* LaunchScreen.storyboard in Resources */,
				395BE4342993A0A300DCD96C /* Assets.xcassets in Resources */,
			);
			runOnlyForDeploymentPostprocessing = 0;
		};
/* End PBXResourcesBuildPhase section */

/* Begin PBXSourcesBuildPhase section */
		395BE4202993A0A200DCD96C /* Sources */ = {
			isa = PBXSourcesBuildPhase;
			buildActionMask = 2147483647;
			files = (
				395BE4552993AD0D00DCD96C /* GIAPICacheManager.swift in Sources */,
				395BE4532993ACB800DCD96C /* GIEndpount.swift in Sources */,
				395BE4592993B8AF00DCD96C /* GIImageCollectionViewCell.swift in Sources */,
				395BE45B2993B98000DCD96C /* GIImageCollectionViewCellViewModel.swift in Sources */,
				395BE4322993A0A200DCD96C /* GoogleImage.xcdatamodeld in Sources */,
				395BE4512993AB5500DCD96C /* GIRequest.swift in Sources */,
				395BE4572993B1E100DCD96C /* GIImageResponse.swift in Sources */,
				395BE4482993A4CE00DCD96C /* GIListView.swift in Sources */,
				395BE42C2993A0A200DCD96C /* GIMainViewController.swift in Sources */,
				395BE4632993C0D800DCD96C /* SearchParameters.swift in Sources */,
				395BE44F2993AAC700DCD96C /* GIService.swift in Sources */,
				395BE44B2993A55900DCD96C /* GIListViewViewModel.swift in Sources */,
				395BE45F2993BDCD00DCD96C /* ImagesResults.swift in Sources */,
				395BE4282993A0A200DCD96C /* AppDelegate.swift in Sources */,
				395BE4612993C04200DCD96C /* SearchMetadata.swift in Sources */,
				395BE4652993C14C00DCD96C /* SearchInformation.swift in Sources */,
				395BE42A2993A0A200DCD96C /* SceneDelegate.swift in Sources */,
				395BE4672993C19B00DCD96C /* MenuItems.swift in Sources */,
				395BE4692993C21400DCD96C /* SuggestedSearches.swift in Sources */,
				395BE44D2993A62800DCD96C /* Extensions.swift in Sources */,
				395BE45D2993BA3200DCD96C /* GIImageLoader.swift in Sources */,
			);
			runOnlyForDeploymentPostprocessing = 0;
		};
/* End PBXSourcesBuildPhase section */

/* Begin PBXVariantGroup section */
		395BE4352993A0A300DCD96C /* LaunchScreen.storyboard */ = {
			isa = PBXVariantGroup;
			children = (
				395BE4362993A0A300DCD96C /* Base */,
			);
			name = LaunchScreen.storyboard;
			sourceTree = "<group>";
		};
/* End PBXVariantGroup section */

/* Begin XCBuildConfiguration section */
		395BE4392993A0A300DCD96C /* Debug */ = {
			isa = XCBuildConfiguration;
			buildSettings = {
				ALWAYS_SEARCH_USER_PATHS = NO;
				CLANG_ANALYZER_NONNULL = YES;
				CLANG_ANALYZER_NUMBER_OBJECT_CONVERSION = YES_AGGRESSIVE;
				CLANG_CXX_LANGUAGE_STANDARD = "gnu++20";
				CLANG_ENABLE_MODULES = YES;
				CLANG_ENABLE_OBJC_ARC = YES;
				CLANG_ENABLE_OBJC_WEAK = YES;
				CLANG_WARN_BLOCK_CAPTURE_AUTORELEASING = YES;
				CLANG_WARN_BOOL_CONVERSION = YES;
				CLANG_WARN_COMMA = YES;
				CLANG_WARN_CONSTANT_CONVERSION = YES;
				CLANG_WARN_DEPRECATED_OBJC_IMPLEMENTATIONS = YES;
				CLANG_WARN_DIRECT_OBJC_ISA_USAGE = YES_ERROR;
				CLANG_WARN_DOCUMENTATION_COMMENTS = YES;
				CLANG_WARN_EMPTY_BODY = YES;
				CLANG_WARN_ENUM_CONVERSION = YES;
				CLANG_WARN_INFINITE_RECURSION = YES;
				CLANG_WARN_INT_CONVERSION = YES;
				CLANG_WARN_NON_LITERAL_NULL_CONVERSION = YES;
				CLANG_WARN_OBJC_IMPLICIT_RETAIN_SELF = YES;
				CLANG_WARN_OBJC_LITERAL_CONVERSION = YES;
				CLANG_WARN_OBJC_ROOT_CLASS = YES_ERROR;
				CLANG_WARN_QUOTED_INCLUDE_IN_FRAMEWORK_HEADER = YES;
				CLANG_WARN_RANGE_LOOP_ANALYSIS = YES;
				CLANG_WARN_STRICT_PROTOTYPES = YES;
				CLANG_WARN_SUSPICIOUS_MOVE = YES;
				CLANG_WARN_UNGUARDED_AVAILABILITY = YES_AGGRESSIVE;
				CLANG_WARN_UNREACHABLE_CODE = YES;
				CLANG_WARN__DUPLICATE_METHOD_MATCH = YES;
				COPY_PHASE_STRIP = NO;
				DEBUG_INFORMATION_FORMAT = dwarf;
				ENABLE_STRICT_OBJC_MSGSEND = YES;
				ENABLE_TESTABILITY = YES;
				GCC_C_LANGUAGE_STANDARD = gnu11;
				GCC_DYNAMIC_NO_PIC = NO;
				GCC_NO_COMMON_BLOCKS = YES;
				GCC_OPTIMIZATION_LEVEL = 0;
				GCC_PREPROCESSOR_DEFINITIONS = (
					"DEBUG=1",
					"$(inherited)",
				);
				GCC_WARN_64_TO_32_BIT_CONVERSION = YES;
				GCC_WARN_ABOUT_RETURN_TYPE = YES_ERROR;
				GCC_WARN_UNDECLARED_SELECTOR = YES;
				GCC_WARN_UNINITIALIZED_AUTOS = YES_AGGRESSIVE;
				GCC_WARN_UNUSED_FUNCTION = YES;
				GCC_WARN_UNUSED_VARIABLE = YES;
				IPHONEOS_DEPLOYMENT_TARGET = 16.2;
				MTL_ENABLE_DEBUG_INFO = INCLUDE_SOURCE;
				MTL_FAST_MATH = YES;
				ONLY_ACTIVE_ARCH = YES;
				SDKROOT = iphoneos;
				SWIFT_ACTIVE_COMPILATION_CONDITIONS = DEBUG;
				SWIFT_OPTIMIZATION_LEVEL = "-Onone";
			};
			name = Debug;
		};
		395BE43A2993A0A300DCD96C /* Release */ = {
			isa = XCBuildConfiguration;
			buildSettings = {
				ALWAYS_SEARCH_USER_PATHS = NO;
				CLANG_ANALYZER_NONNULL = YES;
				CLANG_ANALYZER_NUMBER_OBJECT_CONVERSION = YES_AGGRESSIVE;
				CLANG_CXX_LANGUAGE_STANDARD = "gnu++20";
				CLANG_ENABLE_MODULES = YES;
				CLANG_ENABLE_OBJC_ARC = YES;
				CLANG_ENABLE_OBJC_WEAK = YES;
				CLANG_WARN_BLOCK_CAPTURE_AUTORELEASING = YES;
				CLANG_WARN_BOOL_CONVERSION = YES;
				CLANG_WARN_COMMA = YES;
				CLANG_WARN_CONSTANT_CONVERSION = YES;
				CLANG_WARN_DEPRECATED_OBJC_IMPLEMENTATIONS = YES;
				CLANG_WARN_DIRECT_OBJC_ISA_USAGE = YES_ERROR;
				CLANG_WARN_DOCUMENTATION_COMMENTS = YES;
				CLANG_WARN_EMPTY_BODY = YES;
				CLANG_WARN_ENUM_CONVERSION = YES;
				CLANG_WARN_INFINITE_RECURSION = YES;
				CLANG_WARN_INT_CONVERSION = YES;
				CLANG_WARN_NON_LITERAL_NULL_CONVERSION = YES;
				CLANG_WARN_OBJC_IMPLICIT_RETAIN_SELF = YES;
				CLANG_WARN_OBJC_LITERAL_CONVERSION = YES;
				CLANG_WARN_OBJC_ROOT_CLASS = YES_ERROR;
				CLANG_WARN_QUOTED_INCLUDE_IN_FRAMEWORK_HEADER = YES;
				CLANG_WARN_RANGE_LOOP_ANALYSIS = YES;
				CLANG_WARN_STRICT_PROTOTYPES = YES;
				CLANG_WARN_SUSPICIOUS_MOVE = YES;
				CLANG_WARN_UNGUARDED_AVAILABILITY = YES_AGGRESSIVE;
				CLANG_WARN_UNREACHABLE_CODE = YES;
				CLANG_WARN__DUPLICATE_METHOD_MATCH = YES;
				COPY_PHASE_STRIP = NO;
				DEBUG_INFORMATION_FORMAT = "dwarf-with-dsym";
				ENABLE_NS_ASSERTIONS = NO;
				ENABLE_STRICT_OBJC_MSGSEND = YES;
				GCC_C_LANGUAGE_STANDARD = gnu11;
				GCC_NO_COMMON_BLOCKS = YES;
				GCC_WARN_64_TO_32_BIT_CONVERSION = YES;
				GCC_WARN_ABOUT_RETURN_TYPE = YES_ERROR;
				GCC_WARN_UNDECLARED_SELECTOR = YES;
				GCC_WARN_UNINITIALIZED_AUTOS = YES_AGGRESSIVE;
				GCC_WARN_UNUSED_FUNCTION = YES;
				GCC_WARN_UNUSED_VARIABLE = YES;
				IPHONEOS_DEPLOYMENT_TARGET = 16.2;
				MTL_ENABLE_DEBUG_INFO = NO;
				MTL_FAST_MATH = YES;
				SDKROOT = iphoneos;
				SWIFT_COMPILATION_MODE = wholemodule;
				SWIFT_OPTIMIZATION_LEVEL = "-O";
				VALIDATE_PRODUCT = YES;
			};
			name = Release;
		};
		395BE43C2993A0A300DCD96C /* Debug */ = {
			isa = XCBuildConfiguration;
			buildSettings = {
				ASSETCATALOG_COMPILER_APPICON_NAME = AppIcon;
				ASSETCATALOG_COMPILER_GLOBAL_ACCENT_COLOR_NAME = AccentColor;
				CODE_SIGN_STYLE = Automatic;
				CURRENT_PROJECT_VERSION = 1;
				DEVELOPMENT_TEAM = Z77PMGH233;
				GENERATE_INFOPLIST_FILE = YES;
				INFOPLIST_FILE = GoogleImage/Resources/Info.plist;
				INFOPLIST_KEY_UIApplicationSupportsIndirectInputEvents = YES;
				INFOPLIST_KEY_UILaunchStoryboardName = LaunchScreen;
				INFOPLIST_KEY_UISupportedInterfaceOrientations_iPad = "UIInterfaceOrientationPortrait UIInterfaceOrientationPortraitUpsideDown UIInterfaceOrientationLandscapeLeft UIInterfaceOrientationLandscapeRight";
				INFOPLIST_KEY_UISupportedInterfaceOrientations_iPhone = "UIInterfaceOrientationPortrait UIInterfaceOrientationLandscapeLeft UIInterfaceOrientationLandscapeRight";
				IPHONEOS_DEPLOYMENT_TARGET = 15.0;
				LD_RUNPATH_SEARCH_PATHS = (
					"$(inherited)",
					"@executable_path/Frameworks",
				);
				MARKETING_VERSION = 1.0;
				PRODUCT_BUNDLE_IDENTIFIER = com.artemvorobev.GoogleImage;
				PRODUCT_NAME = "$(TARGET_NAME)";
				SWIFT_EMIT_LOC_STRINGS = YES;
				SWIFT_VERSION = 5.0;
				TARGETED_DEVICE_FAMILY = "1,2";
			};
			name = Debug;
		};
		395BE43D2993A0A300DCD96C /* Release */ = {
			isa = XCBuildConfiguration;
			buildSettings = {
				ASSETCATALOG_COMPILER_APPICON_NAME = AppIcon;
				ASSETCATALOG_COMPILER_GLOBAL_ACCENT_COLOR_NAME = AccentColor;
				CODE_SIGN_STYLE = Automatic;
				CURRENT_PROJECT_VERSION = 1;
				DEVELOPMENT_TEAM = Z77PMGH233;
				GENERATE_INFOPLIST_FILE = YES;
				INFOPLIST_FILE = GoogleImage/Resources/Info.plist;
				INFOPLIST_KEY_UIApplicationSupportsIndirectInputEvents = YES;
				INFOPLIST_KEY_UILaunchStoryboardName = LaunchScreen;
				INFOPLIST_KEY_UISupportedInterfaceOrientations_iPad = "UIInterfaceOrientationPortrait UIInterfaceOrientationPortraitUpsideDown UIInterfaceOrientationLandscapeLeft UIInterfaceOrientationLandscapeRight";
				INFOPLIST_KEY_UISupportedInterfaceOrientations_iPhone = "UIInterfaceOrientationPortrait UIInterfaceOrientationLandscapeLeft UIInterfaceOrientationLandscapeRight";
				IPHONEOS_DEPLOYMENT_TARGET = 15.0;
				LD_RUNPATH_SEARCH_PATHS = (
					"$(inherited)",
					"@executable_path/Frameworks",
				);
				MARKETING_VERSION = 1.0;
				PRODUCT_BUNDLE_IDENTIFIER = com.artemvorobev.GoogleImage;
				PRODUCT_NAME = "$(TARGET_NAME)";
				SWIFT_EMIT_LOC_STRINGS = YES;
				SWIFT_VERSION = 5.0;
				TARGETED_DEVICE_FAMILY = "1,2";
			};
			name = Release;
		};
/* End XCBuildConfiguration section */

/* Begin XCConfigurationList section */
		395BE41F2993A0A200DCD96C /* Build configuration list for PBXProject "GoogleImage" */ = {
			isa = XCConfigurationList;
			buildConfigurations = (
				395BE4392993A0A300DCD96C /* Debug */,
				395BE43A2993A0A300DCD96C /* Release */,
			);
			defaultConfigurationIsVisible = 0;
			defaultConfigurationName = Release;
		};
		395BE43B2993A0A300DCD96C /* Build configuration list for PBXNativeTarget "GoogleImage" */ = {
			isa = XCConfigurationList;
			buildConfigurations = (
				395BE43C2993A0A300DCD96C /* Debug */,
				395BE43D2993A0A300DCD96C /* Release */,
			);
			defaultConfigurationIsVisible = 0;
			defaultConfigurationName = Release;
		};
/* End XCConfigurationList section */

/* Begin XCVersionGroup section */
		395BE4302993A0A200DCD96C /* GoogleImage.xcdatamodeld */ = {
			isa = XCVersionGroup;
			children = (
				395BE4312993A0A200DCD96C /* GoogleImage.xcdatamodel */,
			);
			currentVersion = 395BE4312993A0A200DCD96C /* GoogleImage.xcdatamodel */;
			path = GoogleImage.xcdatamodeld;
			sourceTree = "<group>";
			versionGroupType = wrapper.xcdatamodel;
		};
/* End XCVersionGroup section */
	};
	rootObject = 395BE41C2993A0A200DCD96C /* Project object */;
}
